
Microsoft Visual Studio Solution File, Format Version 12.00
# Visual Studio Version 16
VisualStudioVersion = 16.0.30320.27
MinimumVisualStudioVersion = 10.0.40219.1
Project("{F184B08F-C81C-45F6-A57F-5ABD9991F28F}") = "myGladiatorProject", "myGladiatorProject.vbproj", "{7D48F197-55D0-408A-A80E-8AE3E691BB7A}"
EndProject
Global
	GlobalSection(SolutionConfigurationPlatforms) = preSolution
		Debug|Any CPU = Debug|Any CPU
		Release|Any CPU = Release|Any CPU
	EndGlobalSection
	GlobalSection(ProjectConfigurationPlatforms) = postSolution
		{7D48F197-55D0-408A-A80E-8AE3E691BB7A}.Debug|Any CPU.ActiveCfg = Debug|Any CPU
		{7D48F197-55D0-408A-A80E-8AE3E691BB7A}.Debug|Any CPU.Build.0 = Debug|Any CPU
		{7D48F197-55D0-408A-A80E-8AE3E691BB7A}.Release|Any CPU.ActiveCfg = Release|Any CPU
		{7D48F197-55D0-408A-A80E-8AE3E691BB7A}.Release|Any CPU.Build.0 = Release|Any CPU
	EndGlobalSection
	GlobalSection(SolutionProperties) = preSolution
		HideSolutionNode = FALSE
	EndGlobalSection
	GlobalSection(ExtensibilityGlobals) = postSolution
		SolutionGuid = {F583763B-0130-4CAE-B587-13136D87F1AD}
	EndGlobalSection
EndGlobal
